
Microsoft Visual Studio Solution File, Format Version 12.00
# Visual Studio Version 17
VisualStudioVersion = 17.14.36221.1 d17.14
MinimumVisualStudioVersion = 10.0.40219.1
Project("{FAE04EC0-301F-11D3-BF4B-00C04F79EFBC}") = "HBA.Web", "HBA.Web\HBA.Web.csproj", "{86D37440-4718-4EF3-AAC3-913761A9F3B3}"
EndProject
Project("{FAE04EC0-301F-11D3-BF4B-00C04F79EFBC}") = "HBA.Domain", "HBA.Domain\HBA.Domain.csproj", "{EF094EE6-21B9-4A42-BACE-30D64E295D9E}"
EndProject
Project("{FAE04EC0-301F-11D3-BF4B-00C04F79EFBC}") = "HBA.Application", "HBA.Application\HBA.Application.csproj", "{E0A504CD-503D-4AB4-A6EF-AD28562DB30D}"
EndProject
Project("{FAE04EC0-301F-11D3-BF4B-00C04F79EFBC}") = "HBA.Infrastructure", "HBA.Infrastructure\HBA.Infrastructure.csproj", "{4B8B64F1-4BEF-4232-8220-A1B3AC20391F}"
EndProject
Global
	GlobalSection(SolutionConfigurationPlatforms) = preSolution
		Debug|Any CPU = Debug|Any CPU
		Release|Any CPU = Release|Any CPU
	EndGlobalSection
	GlobalSection(ProjectConfigurationPlatforms) = postSolution
		{86D37440-4718-4EF3-AAC3-913761A9F3B3}.Debug|Any CPU.ActiveCfg = Debug|Any CPU
		{86D37440-4718-4EF3-AAC3-913761A9F3B3}.Debug|Any CPU.Build.0 = Debug|Any CPU
		{86D37440-4718-4EF3-AAC3-913761A9F3B3}.Release|Any CPU.ActiveCfg = Release|Any CPU
		{86D37440-4718-4EF3-AAC3-913761A9F3B3}.Release|Any CPU.Build.0 = Release|Any CPU
		{EF094EE6-21B9-4A42-BACE-30D64E295D9E}.Debug|Any CPU.ActiveCfg = Debug|Any CPU
		{EF094EE6-21B9-4A42-BACE-30D64E295D9E}.Debug|Any CPU.Build.0 = Debug|Any CPU
		{EF094EE6-21B9-4A42-BACE-30D64E295D9E}.Release|Any CPU.ActiveCfg = Release|Any CPU
		{EF094EE6-21B9-4A42-BACE-30D64E295D9E}.Release|Any CPU.Build.0 = Release|Any CPU
		{E0A504CD-503D-4AB4-A6EF-AD28562DB30D}.Debug|Any CPU.ActiveCfg = Debug|Any CPU
		{E0A504CD-503D-4AB4-A6EF-AD28562DB30D}.Debug|Any CPU.Build.0 = Debug|Any CPU
		{E0A504CD-503D-4AB4-A6EF-AD28562DB30D}.Release|Any CPU.ActiveCfg = Release|Any CPU
		{E0A504CD-503D-4AB4-A6EF-AD28562DB30D}.Release|Any CPU.Build.0 = Release|Any CPU
		{4B8B64F1-4BEF-4232-8220-A1B3AC20391F}.Debug|Any CPU.ActiveCfg = Debug|Any CPU
		{4B8B64F1-4BEF-4232-8220-A1B3AC20391F}.Debug|Any CPU.Build.0 = Debug|Any CPU
		{4B8B64F1-4BEF-4232-8220-A1B3AC20391F}.Release|Any CPU.ActiveCfg = Release|Any CPU
		{4B8B64F1-4BEF-4232-8220-A1B3AC20391F}.Release|Any CPU.Build.0 = Release|Any CPU
	EndGlobalSection
	GlobalSection(SolutionProperties) = preSolution
		HideSolutionNode = FALSE
	EndGlobalSection
	GlobalSection(ExtensibilityGlobals) = postSolution
		SolutionGuid = {C040B13E-25A5-48E6-83DF-29043A6EC490}
	EndGlobalSection
EndGlobal
